// !$*UTF8*$!
{
	archiveVersion = 1;
	classes = {
	};
	objectVersion = 55;
	objects = {

/* Begin PBXBuildFile section */
		BB56BF9028151E2D00B2A79A /* Landmark.swift in Sources */ = {isa = PBXBuildFile; fileRef = BB56BF8F28151E2D00B2A79A /* Landmark.swift */; };
		BB56BF92281520CC00B2A79A /* ModelData.swift in Sources */ = {isa = PBXBuildFile; fileRef = BB56BF91281520CC00B2A79A /* ModelData.swift */; };
		BBDC87F9280A6ECC00FF8F81 /* CircleImag.swift in Sources */ = {isa = PBXBuildFile; fileRef = BBDC87F8280A6ECC00FF8F81 /* CircleImag.swift */; };
		BBDC87FB280A7B0700FF8F81 /* MapView.swift in Sources */ = {isa = PBXBuildFile; fileRef = BBDC87FA280A7B0700FF8F81 /* MapView.swift */; };
		BBDC87FD280ADE1200FF8F81 /* landmarkData.json in Resources */ = {isa = PBXBuildFile; fileRef = BBDC87FC280ADE1200FF8F81 /* landmarkData.json */; };
		BBEFF0FF2809632A00803E98 /* LandmarksApp.swift in Sources */ = {isa = PBXBuildFile; fileRef = BBEFF0FE2809632A00803E98 /* LandmarksApp.swift */; };
		BBEFF1012809632A00803E98 /* ContentView.swift in Sources */ = {isa = PBXBuildFile; fileRef = BBEFF1002809632A00803E98 /* ContentView.swift */; };
		BBEFF1032809632B00803E98 /* Assets.xcassets in Resources */ = {isa = PBXBuildFile; fileRef = BBEFF1022809632B00803E98 /* Assets.xcassets */; };
		BBEFF1062809632B00803E98 /* Preview Assets.xcassets in Resources */ = {isa = PBXBuildFile; fileRef = BBEFF1052809632B00803E98 /* Preview Assets.xcassets */; };
		BBEFF1102809632B00803E98 /* LandmarksTests.swift in Sources */ = {isa = PBXBuildFile; fileRef = BBEFF10F2809632B00803E98 /* LandmarksTests.swift */; };
		BBEFF11A2809632B00803E98 /* LandmarksUITests.swift in Sources */ = {isa = PBXBuildFile; fileRef = BBEFF1192809632B00803E98 /* LandmarksUITests.swift */; };
		BBEFF11C2809632B00803E98 /* LandmarksUITestsLaunchTests.swift in Sources */ = {isa = PBXBuildFile; fileRef = BBEFF11B2809632B00803E98 /* LandmarksUITestsLaunchTests.swift */; };
/* End PBXBuildFile section */

/* Begin PBXContainerItemProxy section */
		BBEFF10C2809632B00803E98 /* PBXContainerItemProxy */ = {
			isa = PBXContainerItemProxy;
			containerPortal = BBEFF0F32809632A00803E98 /* Project object */;
			proxyType = 1;
			remoteGlobalIDString = BBEFF0FA2809632A00803E98;
			remoteInfo = Landmarks;
		};
		BBEFF1162809632B00803E98 /* PBXContainerItemProxy */ = {
			isa = PBXContainerItemProxy;
			containerPortal = BBEFF0F32809632A00803E98 /* Project object */;
			proxyType = 1;
			remoteGlobalIDString = BBEFF0FA2809632A00803E98;
			remoteInfo = Landmarks;
		};
/* End PBXContainerItemProxy section */

/* Begin PBXFileReference section */
		BB56BF8F28151E2D00B2A79A /* Landmark.swift */ = {isa = PBXFileReference; lastKnownFileType = sourcecode.swift; path = Landmark.swift; sourceTree = "<group>"; };
		BB56BF91281520CC00B2A79A /* ModelData.swift */ = {isa = PBXFileReference; lastKnownFileType = sourcecode.swift; path = ModelData.swift; sourceTree = "<group>"; };
		BBDC87F8280A6ECC00FF8F81 /* CircleImag.swift */ = {isa = PBXFileReference; lastKnownFileType = sourcecode.swift; path = CircleImag.swift; sourceTree = "<group>"; };
		BBDC87FA280A7B0700FF8F81 /* MapView.swift */ = {isa = PBXFileReference; lastKnownFileType = sourcecode.swift; path = MapView.swift; sourceTree = "<group>"; };
		BBDC87FC280ADE1200FF8F81 /* landmarkData.json */ = {isa = PBXFileReference; fileEncoding = 4; lastKnownFileType = text.json; path = landmarkData.json; sourceTree = "<group>"; };
		BBEFF0FB2809632A00803E98 /* Landmarks.app */ = {isa = PBXFileReference; explicitFileType = wrapper.application; includeInIndex = 0; path = Landmarks.app; sourceTree = BUILT_PRODUCTS_DIR; };
		BBEFF0FE2809632A00803E98 /* LandmarksApp.swift */ = {isa = PBXFileReference; lastKnownFileType = sourcecode.swift; path = LandmarksApp.swift; sourceTree = "<group>"; };
		BBEFF1002809632A00803E98 /* ContentView.swift */ = {isa = PBXFileReference; lastKnownFileType = sourcecode.swift; path = ContentView.swift; sourceTree = "<group>"; };
		BBEFF1022809632B00803E98 /* Assets.xcassets */ = {isa = PBXFileReference; lastKnownFileType = folder.assetcatalog; path = Assets.xcassets; sourceTree = "<group>"; };
		BBEFF1052809632B00803E98 /* Preview Assets.xcassets */ = {isa = PBXFileReference; lastKnownFileType = folder.assetcatalog; path = "Preview Assets.xcassets"; sourceTree = "<group>"; };
		BBEFF10B2809632B00803E98 /* LandmarksTests.xctest */ = {isa = PBXFileReference; explicitFileType = wrapper.cfbundle; includeInIndex = 0; path = LandmarksTests.xctest; sourceTree = BUILT_PRODUCTS_DIR; };
		BBEFF10F2809632B00803E98 /* LandmarksTests.swift */ = {isa = PBXFileReference; lastKnownFileType = sourcecode.swift; path = LandmarksTests.swift; sourceTree = "<group>"; };
		BBEFF1152809632B00803E98 /* LandmarksUITests.xctest */ = {isa = PBXFileReference; explicitFileType = wrapper.cfbundle; includeInIndex = 0; path = LandmarksUITests.xctest; sourceTree = BUILT_PRODUCTS_DIR; };
		BBEFF1192809632B00803E98 /* LandmarksUITests.swift */ = {isa = PBXFileReference; lastKnownFileType = sourcecode.swift; path = LandmarksUITests.swift; sourceTree = "<group>"; };
		BBEFF11B2809632B00803E98 /* LandmarksUITestsLaunchTests.swift */ = {isa = PBXFileReference; lastKnownFileType = sourcecode.swift; path = LandmarksUITestsLaunchTests.swift; sourceTree = "<group>"; };
/* End PBXFileReference section */

/* Begin PBXFrameworksBuildPhase section */
		BBEFF0F82809632A00803E98 /* Frameworks */ = {
			isa = PBXFrameworksBuildPhase;
			buildActionMask = 2147483647;
			files = (
			);
			runOnlyForDeploymentPostprocessing = 0;
		};
		BBEFF1082809632B00803E98 /* Frameworks */ = {
			isa = PBXFrameworksBuildPhase;
			buildActionMask = 2147483647;
			files = (
			);
			runOnlyForDeploymentPostprocessing = 0;
		};
		BBEFF1122809632B00803E98 /* Frameworks */ = {
			isa = PBXFrameworksBuildPhase;
			buildActionMask = 2147483647;
			files = (
			);
			runOnlyForDeploymentPostprocessing = 0;
		};
/* End PBXFrameworksBuildPhase section */

/* Begin PBXGroup section */
		BB56BF94281524B500B2A79A /* Views */ = {
			isa = PBXGroup;
			children = (
				BBDC87FA280A7B0700FF8F81 /* MapView.swift */,
				BBDC87F8280A6ECC00FF8F81 /* CircleImag.swift */,
				BBEFF1002809632A00803E98 /* ContentView.swift */,
			);
			path = Views;
			sourceTree = "<group>";
		};
		BB56BF95281524E400B2A79A /* Model */ = {
			isa = PBXGroup;
			children = (
				BB56BF8F28151E2D00B2A79A /* Landmark.swift */,
				BB56BF91281520CC00B2A79A /* ModelData.swift */,
			);
			path = Model;
			sourceTree = "<group>";
		};
		BB56BF962815250A00B2A79A /* Resources */ = {
			isa = PBXGroup;
			children = (
				BBDC87FC280ADE1200FF8F81 /* landmarkData.json */,
			);
			path = Resources;
			sourceTree = "<group>";
		};
		BBEFF0F22809632A00803E98 = {
			isa = PBXGroup;
			children = (
				BBEFF0FD2809632A00803E98 /* Landmarks */,
				BBEFF10E2809632B00803E98 /* LandmarksTests */,
				BBEFF1182809632B00803E98 /* LandmarksUITests */,
				BBEFF0FC2809632A00803E98 /* Products */,
			);
			sourceTree = "<group>";
		};
		BBEFF0FC2809632A00803E98 /* Products */ = {
			isa = PBXGroup;
			children = (
				BBEFF0FB2809632A00803E98 /* Landmarks.app */,
				BBEFF10B2809632B00803E98 /* LandmarksTests.xctest */,
				BBEFF1152809632B00803E98 /* LandmarksUITests.xctest */,
			);
			name = Products;
			sourceTree = "<group>";
		};
		BBEFF0FD2809632A00803E98 /* Landmarks */ = {
			isa = PBXGroup;
			children = (
				BB56BF962815250A00B2A79A /* Resources */,
				BB56BF95281524E400B2A79A /* Model */,
				BB56BF94281524B500B2A79A /* Views */,
				BBEFF0FE2809632A00803E98 /* LandmarksApp.swift */,
				BBEFF1022809632B00803E98 /* Assets.xcassets */,
				BBEFF1042809632B00803E98 /* Preview Content */,
			);
			path = Landmarks;
			sourceTree = "<group>";
		};
		BBEFF1042809632B00803E98 /* Preview Content */ = {
			isa = PBXGroup;
			children = (
				BBEFF1052809632B00803E98 /* Preview Assets.xcassets */,
			);
			path = "Preview Content";
			sourceTree = "<group>";
		};
		BBEFF10E2809632B00803E98 /* LandmarksTests */ = {
			isa = PBXGroup;
			children = (
				BBEFF10F2809632B00803E98 /* LandmarksTests.swift */,
			);
			path = LandmarksTests;
			sourceTree = "<group>";
		};
		BBEFF1182809632B00803E98 /* LandmarksUITests */ = {
			isa = PBXGroup;
			children = (
				BBEFF1192809632B00803E98 /* LandmarksUITests.swift */,
				BBEFF11B2809632B00803E98 /* LandmarksUITestsLaunchTests.swift */,
			);
			path = LandmarksUITests;
			sourceTree = "<group>";
		};
/* End PBXGroup section */

/* Begin PBXNativeTarget section */
		BBEFF0FA2809632A00803E98 /* Landmarks */ = {
			isa = PBXNativeTarget;
			buildConfigurationList = BBEFF11F2809632B00803E98 /* Build configuration list for PBXNativeTarget "Landmarks" */;
			buildPhases = (
				BBEFF0F72809632A00803E98 /* Sources */,
				BBEFF0F82809632A00803E98 /* Frameworks */,
				BBEFF0F92809632A00803E98 /* Resources */,
			);
			buildRules = (
			);
			dependencies = (
			);
			name = Landmarks;
			productName = Landmarks;
			productReference = BBEFF0FB2809632A00803E98 /* Landmarks.app */;
			productType = "com.apple.product-type.application";
		};
		BBEFF10A2809632B00803E98 /* LandmarksTests */ = {
			isa = PBXNativeTarget;
			buildConfigurationList = BBEFF1222809632B00803E98 /* Build configuration list for PBXNativeTarget "LandmarksTests" */;
			buildPhases = (
				BBEFF1072809632B00803E98 /* Sources */,
				BBEFF1082809632B00803E98 /* Frameworks */,
				BBEFF1092809632B00803E98 /* Resources */,
			);
			buildRules = (
			);
			dependencies = (
				BBEFF10D2809632B00803E98 /* PBXTargetDependency */,
			);
			name = LandmarksTests;
			productName = LandmarksTests;
			productReference = BBEFF10B2809632B00803E98 /* LandmarksTests.xctest */;
			productType = "com.apple.product-type.bundle.unit-test";
		};
		BBEFF1142809632B00803E98 /* LandmarksUITests */ = {
			isa = PBXNativeTarget;
			buildConfigurationList = BBEFF1252809632B00803E98 /* Build configuration list for PBXNativeTarget "LandmarksUITests" */;
			buildPhases = (
				BBEFF1112809632B00803E98 /* Sources */,
				BBEFF1122809632B00803E98 /* Frameworks */,
				BBEFF1132809632B00803E98 /* Resources */,
			);
			buildRules = (
			);
			dependencies = (
				BBEFF1172809632B00803E98 /* PBXTargetDependency */,
			);
			name = LandmarksUITests;
			productName = LandmarksUITests;
			productReference = BBEFF1152809632B00803E98 /* LandmarksUITests.xctest */;
			productType = "com.apple.product-type.bundle.ui-testing";
		};
/* End PBXNativeTarget section */

/* Begin PBXProject section */
		BBEFF0F32809632A00803E98 /* Project object */ = {
			isa = PBXProject;
			attributes = {
				BuildIndependentTargetsInParallel = 1;
				LastSwiftUpdateCheck = 1330;
				LastUpgradeCheck = 1330;
				TargetAttributes = {
					BBEFF0FA2809632A00803E98 = {
						CreatedOnToolsVersion = 13.3.1;
					};
					BBEFF10A2809632B00803E98 = {
						CreatedOnToolsVersion = 13.3.1;
						TestTargetID = BBEFF0FA2809632A00803E98;
					};
					BBEFF1142809632B00803E98 = {
						CreatedOnToolsVersion = 13.3.1;
						TestTargetID = BBEFF0FA2809632A00803E98;
					};
				};
			};
			buildConfigurationList = BBEFF0F62809632A00803E98 /* Build configuration list for PBXProject "Landmarks" */;
			compatibilityVersion = "Xcode 13.0";
			developmentRegion = en;
			hasScannedForEncodings = 0;
			knownRegions = (
				en,
				Base,
			);
			mainGroup = BBEFF0F22809632A00803E98;
			productRefGroup = BBEFF0FC2809632A00803E98 /* Products */;
			projectDirPath = "";
			projectRoot = "";
			targets = (
				BBEFF0FA2809632A00803E98 /* Landmarks */,
				BBEFF10A2809632B00803E98 /* LandmarksTests */,
				BBEFF1142809632B00803E98 /* LandmarksUITests */,
			);
		};
/* End PBXProject section */

/* Begin PBXResourcesBuildPhase section */
		BBEFF0F92809632A00803E98 /* Resources */ = {
			isa = PBXResourcesBuildPhase;
			buildActionMask = 2147483647;
			files = (
				BBEFF1062809632B00803E98 /* Preview Assets.xcassets in Resources */,
				BBEFF1032809632B00803E98 /* Assets.xcassets in Resources */,
				BBDC87FD280ADE1200FF8F81 /* landmarkData.json in Resources */,
			);
			runOnlyForDeploymentPostprocessing = 0;
		};
		BBEFF1092809632B00803E98 /* Resources */ = {
			isa = PBXResourcesBuildPhase;
			buildActionMask = 2147483647;
			files = (
			);
			runOnlyForDeploymentPostprocessing = 0;
		};
		BBEFF1132809632B00803E98 /* Resources */ = {
			isa = PBXResourcesBuildPhase;
			buildActionMask = 2147483647;
			files = (
			);
			runOnlyForDeploymentPostprocessing = 0;
		};
/* End PBXResourcesBuildPhase section */

/* Begin PBXSourcesBuildPhase section */
		BBEFF0F72809632A00803E98 /* Sources */ = {
			isa = PBXSourcesBuildPhase;
			buildActionMask = 2147483647;
			files = (
				BBDC87F9280A6ECC00FF8F81 /* CircleImag.swift in Sources */,
				BBDC87FB280A7B0700FF8F81 /* MapView.swift in Sources */,
				BBEFF1012809632A00803E98 /* ContentView.swift in Sources */,
				BBEFF0FF2809632A00803E98 /* LandmarksApp.swift in Sources */,
				BB56BF9028151E2D00B2A79A /* Landmark.swift in Sources */,
				BB56BF92281520CC00B2A79A /* ModelData.swift in Sources */,
			);
			runOnlyForDeploymentPostprocessing = 0;
		};
		BBEFF1072809632B00803E98 /* Sources */ = {
			isa = PBXSourcesBuildPhase;
			buildActionMask = 2147483647;
			files = (
				BBEFF1102809632B00803E98 /* LandmarksTests.swift in Sources */,
			);
			runOnlyForDeploymentPostprocessing = 0;
		};
		BBEFF1112809632B00803E98 /* Sources */ = {
			isa = PBXSourcesBuildPhase;
			buildActionMask = 2147483647;
			files = (
				BBEFF11C2809632B00803E98 /* LandmarksUITestsLaunchTests.swift in Sources */,
				BBEFF11A2809632B00803E98 /* LandmarksUITests.swift in Sources */,
			);
			runOnlyForDeploymentPostprocessing = 0;
		};
/* End PBXSourcesBuildPhase section */

/* Begin PBXTargetDependency section */
		BBEFF10D2809632B00803E98 /* PBXTargetDependency */ = {
			isa = PBXTargetDependency;
			target = BBEFF0FA2809632A00803E98 /* Landmarks */;
			targetProxy = BBEFF10C2809632B00803E98 /* PBXContainerItemProxy */;
		};
		BBEFF1172809632B00803E98 /* PBXTargetDependency */ = {
			isa = PBXTargetDependency;
			target = BBEFF0FA2809632A00803E98 /* Landmarks */;
			targetProxy = BBEFF1162809632B00803E98 /* PBXContainerItemProxy */;
		};
/* End PBXTargetDependency section */

/* Begin XCBuildConfiguration section */
		BBEFF11D2809632B00803E98 /* Debug */ = {
			isa = XCBuildConfiguration;
			buildSettings = {
				ALWAYS_SEARCH_USER_PATHS = NO;
				CLANG_ANALYZER_NONNULL = YES;
				CLANG_ANALYZER_NUMBER_OBJECT_CONVERSION = YES_AGGRESSIVE;
				CLANG_CXX_LANGUAGE_STANDARD = "gnu++17";
				CLANG_ENABLE_MODULES = YES;
				CLANG_ENABLE_OBJC_ARC = YES;
				CLANG_ENABLE_OBJC_WEAK = YES;
				CLANG_WARN_BLOCK_CAPTURE_AUTORELEASING = YES;
				CLANG_WARN_BOOL_CONVERSION = YES;
				CLANG_WARN_COMMA = YES;
				CLANG_WARN_CONSTANT_CONVERSION = YES;
				CLANG_WARN_DEPRECATED_OBJC_IMPLEMENTATIONS = YES;
				CLANG_WARN_DIRECT_OBJC_ISA_USAGE = YES_ERROR;
				CLANG_WARN_DOCUMENTATION_COMMENTS = YES;
				CLANG_WARN_EMPTY_BODY = YES;
				CLANG_WARN_ENUM_CONVERSION = YES;
				CLANG_WARN_INFINITE_RECURSION = YES;
				CLANG_WARN_INT_CONVERSION = YES;
				CLANG_WARN_NON_LITERAL_NULL_CONVERSION = YES;
				CLANG_WARN_OBJC_IMPLICIT_RETAIN_SELF = YES;
				CLANG_WARN_OBJC_LITERAL_CONVERSION = YES;
				CLANG_WARN_OBJC_ROOT_CLASS = YES_ERROR;
				CLANG_WARN_QUOTED_INCLUDE_IN_FRAMEWORK_HEADER = YES;
				CLANG_WARN_RANGE_LOOP_ANALYSIS = YES;
				CLANG_WARN_STRICT_PROTOTYPES = YES;
				CLANG_WARN_SUSPICIOUS_MOVE = YES;
				CLANG_WARN_UNGUARDED_AVAILABILITY = YES_AGGRESSIVE;
				CLANG_WARN_UNREACHABLE_CODE = YES;
				CLANG_WARN__DUPLICATE_METHOD_MATCH = YES;
				COPY_PHASE_STRIP = NO;
				DEBUG_INFORMATION_FORMAT = dwarf;
				ENABLE_STRICT_OBJC_MSGSEND = YES;
				ENABLE_TESTABILITY = YES;
				GCC_C_LANGUAGE_STANDARD = gnu11;
				GCC_DYNAMIC_NO_PIC = NO;
				GCC_NO_COMMON_BLOCKS = YES;
				GCC_OPTIMIZATION_LEVEL = 0;
				GCC_PREPROCESSOR_DEFINITIONS = (
					"DEBUG=1",
					"$(inherited)",
				);
				GCC_WARN_64_TO_32_BIT_CONVERSION = YES;
				GCC_WARN_ABOUT_RETURN_TYPE = YES_ERROR;
				GCC_WARN_UNDECLARED_SELECTOR = YES;
				GCC_WARN_UNINITIALIZED_AUTOS = YES_AGGRESSIVE;
				GCC_WARN_UNUSED_FUNCTION = YES;
				GCC_WARN_UNUSED_VARIABLE = YES;
				IPHONEOS_DEPLOYMENT_TARGET = 15.4;
				MTL_ENABLE_DEBUG_INFO = INCLUDE_SOURCE;
				MTL_FAST_MATH = YES;
				ONLY_ACTIVE_ARCH = YES;
				SDKROOT = iphoneos;
				SWIFT_ACTIVE_COMPILATION_CONDITIONS = DEBUG;
				SWIFT_OPTIMIZATION_LEVEL = "-Onone";
			};
			name = Debug;
		};
		BBEFF11E2809632B00803E98 /* Release */ = {
			isa = XCBuildConfiguration;
			buildSettings = {
				ALWAYS_SEARCH_USER_PATHS = NO;
				CLANG_ANALYZER_NONNULL = YES;
				CLANG_ANALYZER_NUMBER_OBJECT_CONVERSION = YES_AGGRESSIVE;
				CLANG_CXX_LANGUAGE_STANDARD = "gnu++17";
				CLANG_ENABLE_MODULES = YES;
				CLANG_ENABLE_OBJC_ARC = YES;
				CLANG_ENABLE_OBJC_WEAK = YES;
				CLANG_WARN_BLOCK_CAPTURE_AUTORELEASING = YES;
				CLANG_WARN_BOOL_CONVERSION = YES;
				CLANG_WARN_COMMA = YES;
				CLANG_WARN_CONSTANT_CONVERSION = YES;
				CLANG_WARN_DEPRECATED_OBJC_IMPLEMENTATIONS = YES;
				CLANG_WARN_DIRECT_OBJC_ISA_USAGE = YES_ERROR;
				CLANG_WARN_DOCUMENTATION_COMMENTS = YES;
				CLANG_WARN_EMPTY_BODY = YES;
				CLANG_WARN_ENUM_CONVERSION = YES;
				CLANG_WARN_INFINITE_RECURSION = YES;
				CLANG_WARN_INT_CONVERSION = YES;
				CLANG_WARN_NON_LITERAL_NULL_CONVERSION = YES;
				CLANG_WARN_OBJC_IMPLICIT_RETAIN_SELF = YES;
				CLANG_WARN_OBJC_LITERAL_CONVERSION = YES;
				CLANG_WARN_OBJC_ROOT_CLASS = YES_ERROR;
				CLANG_WARN_QUOTED_INCLUDE_IN_FRAMEWORK_HEADER = YES;
				CLANG_WARN_RANGE_LOOP_ANALYSIS = YES;
				CLANG_WARN_STRICT_PROTOTYPES = YES;
				CLANG_WARN_SUSPICIOUS_MOVE = YES;
				CLANG_WARN_UNGUARDED_AVAILABILITY = YES_AGGRESSIVE;
				CLANG_WARN_UNREACHABLE_CODE = YES;
				CLANG_WARN__DUPLICATE_METHOD_MATCH = YES;
				COPY_PHASE_STRIP = NO;
				DEBUG_INFORMATION_FORMAT = "dwarf-with-dsym";
				ENABLE_NS_ASSERTIONS = NO;
				ENABLE_STRICT_OBJC_MSGSEND = YES;
				GCC_C_LANGUAGE_STANDARD = gnu11;
				GCC_NO_COMMON_BLOCKS = YES;
				GCC_WARN_64_TO_32_BIT_CONVERSION = YES;
				GCC_WARN_ABOUT_RETURN_TYPE = YES_ERROR;
				GCC_WARN_UNDECLARED_SELECTOR = YES;
				GCC_WARN_UNINITIALIZED_AUTOS = YES_AGGRESSIVE;
				GCC_WARN_UNUSED_FUNCTION = YES;
				GCC_WARN_UNUSED_VARIABLE = YES;
				IPHONEOS_DEPLOYMENT_TARGET = 15.4;
				MTL_ENABLE_DEBUG_INFO = NO;
				MTL_FAST_MATH = YES;
				SDKROOT = iphoneos;
				SWIFT_COMPILATION_MODE = wholemodule;
				SWIFT_OPTIMIZATION_LEVEL = "-O";
				VALIDATE_PRODUCT = YES;
			};
			name = Release;
		};
		BBEFF1202809632B00803E98 /* Debug */ = {
			isa = XCBuildConfiguration;
			buildSettings = {
				ASSETCATALOG_COMPILER_APPICON_NAME = AppIcon;
				ASSETCATALOG_COMPILER_GLOBAL_ACCENT_COLOR_NAME = AccentColor;
				CODE_SIGN_STYLE = Automatic;
				CURRENT_PROJECT_VERSION = 1;
				DEVELOPMENT_ASSET_PATHS = "\"Landmarks/Preview Content\"";
				ENABLE_PREVIEWS = YES;
				GENERATE_INFOPLIST_FILE = YES;
				INFOPLIST_KEY_UIApplicationSceneManifest_Generation = YES;
				INFOPLIST_KEY_UIApplicationSupportsIndirectInputEvents = YES;
				INFOPLIST_KEY_UILaunchScreen_Generation = YES;
				INFOPLIST_KEY_UISupportedInterfaceOrientations_iPad = "UIInterfaceOrientationPortrait UIInterfaceOrientationPortraitUpsideDown UIInterfaceOrientationLandscapeLeft UIInterfaceOrientationLandscapeRight";
				INFOPLIST_KEY_UISupportedInterfaceOrientations_iPhone = "UIInterfaceOrientationPortrait UIInterfaceOrientationLandscapeLeft UIInterfaceOrientationLandscapeRight";
				LD_RUNPATH_SEARCH_PATHS = (
					"$(inherited)",
					"@executable_path/Frameworks",
				);
				MARKETING_VERSION = 1.0;
				PRODUCT_BUNDLE_IDENTIFIER = kashiwara0205.Landmarks;
				PRODUCT_NAME = "$(TARGET_NAME)";
				SWIFT_EMIT_LOC_STRINGS = YES;
				SWIFT_VERSION = 5.0;
				TARGETED_DEVICE_FAMILY = "1,2";
			};
			name = Debug;
		};
		BBEFF1212809632B00803E98 /* Release */ = {
			isa = XCBuildConfiguration;
			buildSettings = {
				ASSETCATALOG_COMPILER_APPICON_NAME = AppIcon;
				ASSETCATALOG_COMPILER_GLOBAL_ACCENT_COLOR_NAME = AccentColor;
				CODE_SIGN_STYLE = Automatic;
				CURRENT_PROJECT_VERSION = 1;
				DEVELOPMENT_ASSET_PATHS = "\"Landmarks/Preview Content\"";
				ENABLE_PREVIEWS = YES;
				GENERATE_INFOPLIST_FILE = YES;
				INFOPLIST_KEY_UIApplicationSceneManifest_Generation = YES;
				INFOPLIST_KEY_UIApplicationSupportsIndirectInputEvents = YES;
				INFOPLIST_KEY_UILaunchScreen_Generation = YES;
				INFOPLIST_KEY_UISupportedInterfaceOrientations_iPad = "UIInterfaceOrientationPortrait UIInterfaceOrientationPortraitUpsideDown UIInterfaceOrientationLandscapeLeft UIInterfaceOrientationLandscapeRight";
				INFOPLIST_KEY_UISupportedInterfaceOrientations_iPhone = "UIInterfaceOrientationPortrait UIInterfaceOrientationLandscapeLeft UIInterfaceOrientationLandscapeRight";
				LD_RUNPATH_SEARCH_PATHS = (
					"$(inherited)",
					"@executable_path/Frameworks",
				);
				MARKETING_VERSION = 1.0;
				PRODUCT_BUNDLE_IDENTIFIER = kashiwara0205.Landmarks;
				PRODUCT_NAME = "$(TARGET_NAME)";
				SWIFT_EMIT_LOC_STRINGS = YES;
				SWIFT_VERSION = 5.0;
				TARGETED_DEVICE_FAMILY = "1,2";
			};
			name = Release;
		};
		BBEFF1232809632B00803E98 /* Debug */ = {
			isa = XCBuildConfiguration;
			buildSettings = {
				ALWAYS_EMBED_SWIFT_STANDARD_LIBRARIES = YES;
				BUNDLE_LOADER = "$(TEST_HOST)";
				CODE_SIGN_STYLE = Automatic;
				CURRENT_PROJECT_VERSION = 1;
				GENERATE_INFOPLIST_FILE = YES;
				IPHONEOS_DEPLOYMENT_TARGET = 15.4;
				MARKETING_VERSION = 1.0;
				PRODUCT_BUNDLE_IDENTIFIER = kashiwara0205.LandmarksTests;
				PRODUCT_NAME = "$(TARGET_NAME)";
				SWIFT_EMIT_LOC_STRINGS = NO;
				SWIFT_VERSION = 5.0;
				TARGETED_DEVICE_FAMILY = "1,2";
				TEST_HOST = "$(BUILT_PRODUCTS_DIR)/Landmarks.app/Landmarks";
			};
			name = Debug;
		};
		BBEFF1242809632B00803E98 /* Release */ = {
			isa = XCBuildConfiguration;
			buildSettings = {
				ALWAYS_EMBED_SWIFT_STANDARD_LIBRARIES = YES;
				BUNDLE_LOADER = "$(TEST_HOST)";
				CODE_SIGN_STYLE = Automatic;
				CURRENT_PROJECT_VERSION = 1;
				GENERATE_INFOPLIST_FILE = YES;
				IPHONEOS_DEPLOYMENT_TARGET = 15.4;
				MARKETING_VERSION = 1.0;
				PRODUCT_BUNDLE_IDENTIFIER = kashiwara0205.LandmarksTests;
				PRODUCT_NAME = "$(TARGET_NAME)";
				SWIFT_EMIT_LOC_STRINGS = NO;
				SWIFT_VERSION = 5.0;
				TARGETED_DEVICE_FAMILY = "1,2";
				TEST_HOST = "$(BUILT_PRODUCTS_DIR)/Landmarks.app/Landmarks";
			};
			name = Release;
		};
		BBEFF1262809632B00803E98 /* Debug */ = {
			isa = XCBuildConfiguration;
			buildSettings = {
				ALWAYS_EMBED_SWIFT_STANDARD_LIBRARIES = YES;
				CODE_SIGN_STYLE = Automatic;
				CURRENT_PROJECT_VERSION = 1;
				GENERATE_INFOPLIST_FILE = YES;
				MARKETING_VERSION = 1.0;
				PRODUCT_BUNDLE_IDENTIFIER = kashiwara0205.LandmarksUITests;
				PRODUCT_NAME = "$(TARGET_NAME)";
				SWIFT_EMIT_LOC_STRINGS = NO;
				SWIFT_VERSION = 5.0;
				TARGETED_DEVICE_FAMILY = "1,2";
				TEST_TARGET_NAME = Landmarks;
			};
			name = Debug;
		};
		BBEFF1272809632B00803E98 /* Release */ = {
			isa = XCBuildConfiguration;
			buildSettings = {
				ALWAYS_EMBED_SWIFT_STANDARD_LIBRARIES = YES;
				CODE_SIGN_STYLE = Automatic;
				CURRENT_PROJECT_VERSION = 1;
				GENERATE_INFOPLIST_FILE = YES;
				MARKETING_VERSION = 1.0;
				PRODUCT_BUNDLE_IDENTIFIER = kashiwara0205.LandmarksUITests;
				PRODUCT_NAME = "$(TARGET_NAME)";
				SWIFT_EMIT_LOC_STRINGS = NO;
				SWIFT_VERSION = 5.0;
				TARGETED_DEVICE_FAMILY = "1,2";
				TEST_TARGET_NAME = Landmarks;
			};
			name = Release;
		};
/* End XCBuildConfiguration section */

/* Begin XCConfigurationList section */
		BBEFF0F62809632A00803E98 /* Build configuration list for PBXProject "Landmarks" */ = {
			isa = XCConfigurationList;
			buildConfigurations = (
				BBEFF11D2809632B00803E98 /* Debug */,
				BBEFF11E2809632B00803E98 /* Release */,
			);
			defaultConfigurationIsVisible = 0;
			defaultConfigurationName = Release;
		};
		BBEFF11F2809632B00803E98 /* Build configuration list for PBXNativeTarget "Landmarks" */ = {
			isa = XCConfigurationList;
			buildConfigurations = (
				BBEFF1202809632B00803E98 /* Debug */,
				BBEFF1212809632B00803E98 /* Release */,
			);
			defaultConfigurationIsVisible = 0;
			defaultConfigurationName = Release;
		};
		BBEFF1222809632B00803E98 /* Build configuration list for PBXNativeTarget "LandmarksTests" */ = {
			isa = XCConfigurationList;
			buildConfigurations = (
				BBEFF1232809632B00803E98 /* Debug */,
				BBEFF1242809632B00803E98 /* Release */,
			);
			defaultConfigurationIsVisible = 0;
			defaultConfigurationName = Release;
		};
		BBEFF1252809632B00803E98 /* Build configuration list for PBXNativeTarget "LandmarksUITests" */ = {
			isa = XCConfigurationList;
			buildConfigurations = (
				BBEFF1262809632B00803E98 /* Debug */,
				BBEFF1272809632B00803E98 /* Release */,
			);
			defaultConfigurationIsVisible = 0;
			defaultConfigurationName = Release;
		};
/* End XCConfigurationList section */
	};
	rootObject = BBEFF0F32809632A00803E98 /* Project object */;
}
